
Microsoft Visual Studio Solution File, Format Version 12.00
# Visual Studio 14
VisualStudioVersion = 14.0.25420.1
MinimumVisualStudioVersion = 10.0.40219.1
Project("{FAE04EC0-301F-11D3-BF4B-00C04F79EFBC}") = "TestingAssignment", "TestingAssignment\TestingAssignment.csproj", "{95A0D6C9-462A-4F94-A6ED-0CC89E5E86E8}"
EndProject
Project("{FAE04EC0-301F-11D3-BF4B-00C04F79EFBC}") = "TestingAssignment.tests", "TestingAssignment.tests\TestingAssignment.tests.csproj", "{C3424ADE-90A2-47D1-86F5-1545C20E19CF}"
EndProject
Project("{FAE04EC0-301F-11D3-BF4B-00C04F79EFBC}") = "FitTest", "FitTest\FitTest.csproj", "{2D584C8C-46CF-4162-900E-294B40F15436}"
EndProject
Project("{FAE04EC0-301F-11D3-BF4B-00C04F79EFBC}") = "CalculatePremium", "CalculatePremium\CalculatePremium.csproj", "{FFA5905E-D1B6-43C6-B73A-8775DA701FDE}"
EndProject
Project("{FAE04EC0-301F-11D3-BF4B-00C04F79EFBC}") = "SeleniumTests", "SeleniumTests\SeleniumTests.csproj", "{6B363286-F35F-4CE9-B34C-CBC39CCA43FE}"
EndProject
Global
	GlobalSection(SolutionConfigurationPlatforms) = preSolution
		Debug|Any CPU = Debug|Any CPU
		Release|Any CPU = Release|Any CPU
	EndGlobalSection
	GlobalSection(ProjectConfigurationPlatforms) = postSolution
		{95A0D6C9-462A-4F94-A6ED-0CC89E5E86E8}.Debug|Any CPU.ActiveCfg = Debug|Any CPU
		{95A0D6C9-462A-4F94-A6ED-0CC89E5E86E8}.Debug|Any CPU.Build.0 = Debug|Any CPU
		{95A0D6C9-462A-4F94-A6ED-0CC89E5E86E8}.Release|Any CPU.ActiveCfg = Release|Any CPU
		{95A0D6C9-462A-4F94-A6ED-0CC89E5E86E8}.Release|Any CPU.Build.0 = Release|Any CPU
		{C3424ADE-90A2-47D1-86F5-1545C20E19CF}.Debug|Any CPU.ActiveCfg = Debug|Any CPU
		{C3424ADE-90A2-47D1-86F5-1545C20E19CF}.Debug|Any CPU.Build.0 = Debug|Any CPU
		{C3424ADE-90A2-47D1-86F5-1545C20E19CF}.Release|Any CPU.ActiveCfg = Release|Any CPU
		{C3424ADE-90A2-47D1-86F5-1545C20E19CF}.Release|Any CPU.Build.0 = Release|Any CPU
		{2D584C8C-46CF-4162-900E-294B40F15436}.Debug|Any CPU.ActiveCfg = Debug|Any CPU
		{2D584C8C-46CF-4162-900E-294B40F15436}.Debug|Any CPU.Build.0 = Debug|Any CPU
		{2D584C8C-46CF-4162-900E-294B40F15436}.Release|Any CPU.ActiveCfg = Release|Any CPU
		{2D584C8C-46CF-4162-900E-294B40F15436}.Release|Any CPU.Build.0 = Release|Any CPU
		{FFA5905E-D1B6-43C6-B73A-8775DA701FDE}.Debug|Any CPU.ActiveCfg = Debug|Any CPU
		{FFA5905E-D1B6-43C6-B73A-8775DA701FDE}.Debug|Any CPU.Build.0 = Debug|Any CPU
		{FFA5905E-D1B6-43C6-B73A-8775DA701FDE}.Release|Any CPU.ActiveCfg = Release|Any CPU
		{FFA5905E-D1B6-43C6-B73A-8775DA701FDE}.Release|Any CPU.Build.0 = Release|Any CPU
		{6B363286-F35F-4CE9-B34C-CBC39CCA43FE}.Debug|Any CPU.ActiveCfg = Debug|Any CPU
		{6B363286-F35F-4CE9-B34C-CBC39CCA43FE}.Debug|Any CPU.Build.0 = Debug|Any CPU
		{6B363286-F35F-4CE9-B34C-CBC39CCA43FE}.Release|Any CPU.ActiveCfg = Release|Any CPU
		{6B363286-F35F-4CE9-B34C-CBC39CCA43FE}.Release|Any CPU.Build.0 = Release|Any CPU
	EndGlobalSection
	GlobalSection(SolutionProperties) = preSolution
		HideSolutionNode = FALSE
	EndGlobalSection
EndGlobal
